
Microsoft Visual Studio Solution File, Format Version 12.00
# Visual Studio Version 16
VisualStudioVersion = 16.0.30611.23
MinimumVisualStudioVersion = 10.0.40219.1
Project("{FAE04EC0-301F-11D3-BF4B-00C04F79EFBC}") = "AppInterGrupoDAO", "AppInterGrupoDAO\AppInterGrupoDAO.csproj", "{2735BAE1-37F3-476E-A905-F0EC51BDEADA}"
EndProject
Project("{FAE04EC0-301F-11D3-BF4B-00C04F79EFBC}") = "AppInterGrupoServices", "AppInterGrupoServices\AppInterGrupoServices.csproj", "{5549B3F6-67FE-4655-BF42-F1D1734A14CA}"
EndProject
Project("{FAE04EC0-301F-11D3-BF4B-00C04F79EFBC}") = "Test", "Test\Test.csproj", "{F732F542-B5AE-4D6D-8DFA-04536D497E56}"
EndProject
Project("{FAE04EC0-301F-11D3-BF4B-00C04F79EFBC}") = "AppInterGrupoAPI", "AppInterGrupoAPI\AppInterGrupoAPI.csproj", "{6715F12E-682F-4A61-B0F9-55E0442FAC30}"
EndProject
Global
	GlobalSection(SolutionConfigurationPlatforms) = preSolution
		Debug|Any CPU = Debug|Any CPU
		Release|Any CPU = Release|Any CPU
	EndGlobalSection
	GlobalSection(ProjectConfigurationPlatforms) = postSolution
		{2735BAE1-37F3-476E-A905-F0EC51BDEADA}.Debug|Any CPU.ActiveCfg = Debug|Any CPU
		{2735BAE1-37F3-476E-A905-F0EC51BDEADA}.Debug|Any CPU.Build.0 = Debug|Any CPU
		{2735BAE1-37F3-476E-A905-F0EC51BDEADA}.Release|Any CPU.ActiveCfg = Release|Any CPU
		{2735BAE1-37F3-476E-A905-F0EC51BDEADA}.Release|Any CPU.Build.0 = Release|Any CPU
		{5549B3F6-67FE-4655-BF42-F1D1734A14CA}.Debug|Any CPU.ActiveCfg = Debug|Any CPU
		{5549B3F6-67FE-4655-BF42-F1D1734A14CA}.Debug|Any CPU.Build.0 = Debug|Any CPU
		{5549B3F6-67FE-4655-BF42-F1D1734A14CA}.Release|Any CPU.ActiveCfg = Release|Any CPU
		{5549B3F6-67FE-4655-BF42-F1D1734A14CA}.Release|Any CPU.Build.0 = Release|Any CPU
		{F732F542-B5AE-4D6D-8DFA-04536D497E56}.Debug|Any CPU.ActiveCfg = Debug|Any CPU
		{F732F542-B5AE-4D6D-8DFA-04536D497E56}.Debug|Any CPU.Build.0 = Debug|Any CPU
		{F732F542-B5AE-4D6D-8DFA-04536D497E56}.Release|Any CPU.ActiveCfg = Release|Any CPU
		{F732F542-B5AE-4D6D-8DFA-04536D497E56}.Release|Any CPU.Build.0 = Release|Any CPU
		{6715F12E-682F-4A61-B0F9-55E0442FAC30}.Debug|Any CPU.ActiveCfg = Debug|Any CPU
		{6715F12E-682F-4A61-B0F9-55E0442FAC30}.Debug|Any CPU.Build.0 = Debug|Any CPU
		{6715F12E-682F-4A61-B0F9-55E0442FAC30}.Release|Any CPU.ActiveCfg = Release|Any CPU
		{6715F12E-682F-4A61-B0F9-55E0442FAC30}.Release|Any CPU.Build.0 = Release|Any CPU
	EndGlobalSection
	GlobalSection(SolutionProperties) = preSolution
		HideSolutionNode = FALSE
	EndGlobalSection
	GlobalSection(ExtensibilityGlobals) = postSolution
		SolutionGuid = {92BF10E3-2EF5-48A0-9FBC-371DC8E23F08}
	EndGlobalSection
EndGlobal
